{
    "_meta": {
        "hash": {
            "sha256": "cf1a8e9d695ec719164fd6cd4385eccd29965ec6bd9db815b64e1f5c23d4b7af"
        },
        "pipfile-spec": 6,
        "requires": {
            "python_version": "3.7"
        },
        "sources": [
            {
                "name": "pypi",
                "url": "https://pypi.org/simple",
                "verify_ssl": true
            }
        ]
    },
    "default": {
        "python-decouple": {
            "hashes": [
                "sha256:55c546b85b0c47a15a47a4312d451a437f7344a9be3e001660bccd93b637de95"
            ],
            "index": "pypi",
            "version": "==3.3"
        }
    },
    "develop": {}
}
